
Microsoft Visual Studio Solution File, Format Version 12.00
# Visual Studio Version 17
VisualStudioVersion = 17.2.32630.192
MinimumVisualStudioVersion = 10.0.40219.1
Project("{FAE04EC0-301F-11D3-BF4B-00C04F79EFBC}") = "02-Verı", "02-Verı\02-Verı.csproj", "{25560642-804C-48F9-B1F9-B01A2FFAB3C3}"
EndProject
Project("{FAE04EC0-301F-11D3-BF4B-00C04F79EFBC}") = "03-VerıDegıskenler", "03-VerıDegıskenler\03-VerıDegıskenler.csproj", "{DBD99EBE-55C4-4F31-ADED-A38DA45ED2C3}"
EndProject
Project("{FAE04EC0-301F-11D3-BF4B-00C04F79EFBC}") = "04-VerıSabıt", "04-VerıSabıt\04-VerıSabıt.csproj", "{3395652C-1D52-40BF-A8C2-91ED1D4DEBAD}"
EndProject
Project("{FAE04EC0-301F-11D3-BF4B-00C04F79EFBC}") = "05-OPERATORLE", "05-OPERATORLE\05-OPERATORLE.csproj", "{F10432BD-8788-41A4-A0C5-42CD13358497}"
EndProject
Project("{FAE04EC0-301F-11D3-BF4B-00C04F79EFBC}") = "06-IF-ELSE", "06-IF-ELSE\06-IF-ELSE.csproj", "{3AE8F064-1FE0-4953-8CC2-4D2CD3295666}"
EndProject
Project("{FAE04EC0-301F-11D3-BF4B-00C04F79EFBC}") = "07-SWITCH-CASE", "07-SWITCH-CASE\07-SWITCH-CASE.csproj", "{06566E25-0F6E-47D9-8DE4-289DBA89A043}"
EndProject
Project("{FAE04EC0-301F-11D3-BF4B-00C04F79EFBC}") = "08-loops", "08-loops\08-loops.csproj", "{06912A21-D04C-4A94-9AE6-3FE6F6561CC1}"
EndProject
Project("{FAE04EC0-301F-11D3-BF4B-00C04F79EFBC}") = "09-Array", "09-Array\09-Array.csproj", "{1FD0D6BA-EC3C-47F3-BE79-FEEAA693DED0}"
EndProject
Project("{9A19103F-16F7-4668-BE54-9A1E7A4F7556}") = "10-ArrayLıst", "10-ArrayLıst\10-ArrayLıst.csproj", "{E1C326B3-99A3-4849-B7F3-3D16B7080E9A}"
EndProject
Project("{9A19103F-16F7-4668-BE54-9A1E7A4F7556}") = "11-Lıst", "11-Lıst\11-Lıst.csproj", "{187FAF31-DDD6-4B4F-BFC3-56B95957940F}"
EndProject
Project("{9A19103F-16F7-4668-BE54-9A1E7A4F7556}") = "12-Metod", "12-Metod\12-Metod.csproj", "{C6B34FA5-99A9-447F-AF0E-BB7BA623CB3C}"
EndProject
Project("{9A19103F-16F7-4668-BE54-9A1E7A4F7556}") = "01-Gırıs", "01-Gırıs\01-Gırıs.csproj", "{CA0F9058-9885-47FD-B0A0-102B63AFD568}"
EndProject
Project("{9A19103F-16F7-4668-BE54-9A1E7A4F7556}") = "13-DeğerandReferans", "13-DeğerandReferans\13-DeğerandReferans.csproj", "{7AA89DFD-A2A2-43B1-9044-ADBE59D5E9D0}"
EndProject
Project("{9A19103F-16F7-4668-BE54-9A1E7A4F7556}") = "14-LıstApplication", "14-LıstApplication\14-LıstApplication.csproj", "{B2BCEC1D-FAA9-4B11-97A6-E0E99A21FF5D}"
EndProject
Project("{9A19103F-16F7-4668-BE54-9A1E7A4F7556}") = "15-VeriTurleriAltUstLimıt", "15-VeriTurleriAltUstLimıt\15-VeriTurleriAltUstLimıt.csproj", "{2CD79A26-D26B-46F9-96C4-59AEE44B6073}"
EndProject
Project("{9A19103F-16F7-4668-BE54-9A1E7A4F7556}") = "16-Struct-Yapısı", "16-Struct-Yapısı\16-Struct-Yapısı.csproj", "{AD5EC104-4DC1-43D0-9A2A-96ED606A0E4F}"
EndProject
Project("{9A19103F-16F7-4668-BE54-9A1E7A4F7556}") = "17-Class-Yapısı", "17-Class-Yapısı\17-Class-Yapısı.csproj", "{3C062B4A-3D06-4AA2-A13F-50B7324815C7}"
EndProject
Project("{9A19103F-16F7-4668-BE54-9A1E7A4F7556}") = "18-Array-Clas", "18-Array-Clas\18-Array-Clas.csproj", "{C64EEB9C-F6AC-4EC2-A62F-35E5EB77C23F}"
EndProject
Project("{9A19103F-16F7-4668-BE54-9A1E7A4F7556}") = "19-HashTable", "19-HashTable\19-HashTable.csproj", "{C15C80DD-78B5-4BBD-BC37-1A909A7A14E5}"
EndProject
Project("{9A19103F-16F7-4668-BE54-9A1E7A4F7556}") = "20-HashTableUygulaması", "20-HashTableUygulaması\20-HashTableUygulaması.csproj", "{B5582E31-65EB-4D63-B808-38C88DC05033}"
EndProject
Project("{9A19103F-16F7-4668-BE54-9A1E7A4F7556}") = "21-SortedLıst", "21-SortedLıst\21-SortedLıst.csproj", "{31090FF6-D2E3-4D56-8AC5-91F38CA12E14}"
EndProject
Project("{9A19103F-16F7-4668-BE54-9A1E7A4F7556}") = "22-SortedListUygulaması", "22-SortedListUygulaması\22-SortedListUygulaması.csproj", "{93EA26B5-CA72-41DA-BD64-70B094F2E4F6}"
EndProject
Project("{9A19103F-16F7-4668-BE54-9A1E7A4F7556}") = "23-List", "23-List\23-List.csproj", "{150F79C9-7681-47A7-80F8-7483EDEDB09E}"
EndProject
Project("{9A19103F-16F7-4668-BE54-9A1E7A4F7556}") = "24-Stack", "24-Stack\24-Stack.csproj", "{D25D5F16-3F42-4CF0-B35D-E59AD6FEFBDA}"
EndProject
Project("{9A19103F-16F7-4668-BE54-9A1E7A4F7556}") = "25-Que", "25-Que\25-Que.csproj", "{51A16CFA-1D50-4C57-ACAA-854F2EB62A66}"
EndProject
Project("{9A19103F-16F7-4668-BE54-9A1E7A4F7556}") = "26-Linked-List", "26-Linked-List\26-Linked-List.csproj", "{6BE717CB-7A9B-4532-81B8-D5BD5E04E571}"
EndProject
Project("{FAE04EC0-301F-11D3-BF4B-00C04F79EFBC}") = "27-Dictionary", "27-Dictionary\27-Dictionary.csproj", "{3C33CA6C-69B9-4860-831A-9773BC9682E4}"
EndProject
Project("{FAE04EC0-301F-11D3-BF4B-00C04F79EFBC}") = "28-Sorted-Dict", "28-Sorted-Dict\28-Sorted-Dict.csproj", "{9589C2C6-7CF9-4610-8D85-182D04B88DA2}"
EndProject
Project("{FAE04EC0-301F-11D3-BF4B-00C04F79EFBC}") = "29-Sorted-Set", "29-Sorted-Set\29-Sorted-Set.csproj", "{88ECC453-36E4-482A-8F75-BCF683FDADEE}"
EndProject
Project("{FAE04EC0-301F-11D3-BF4B-00C04F79EFBC}") = "30-Hash-Set", "30-Hash-Set\30-Hash-Set.csproj", "{0C188842-DB70-4E2C-8322-C144ABC0C1A7}"
EndProject
Global
	GlobalSection(SolutionConfigurationPlatforms) = preSolution
		Debug|Any CPU = Debug|Any CPU
		Release|Any CPU = Release|Any CPU
	EndGlobalSection
	GlobalSection(ProjectConfigurationPlatforms) = postSolution
		{25560642-804C-48F9-B1F9-B01A2FFAB3C3}.Debug|Any CPU.ActiveCfg = Debug|Any CPU
		{25560642-804C-48F9-B1F9-B01A2FFAB3C3}.Debug|Any CPU.Build.0 = Debug|Any CPU
		{25560642-804C-48F9-B1F9-B01A2FFAB3C3}.Release|Any CPU.ActiveCfg = Release|Any CPU
		{25560642-804C-48F9-B1F9-B01A2FFAB3C3}.Release|Any CPU.Build.0 = Release|Any CPU
		{DBD99EBE-55C4-4F31-ADED-A38DA45ED2C3}.Debug|Any CPU.ActiveCfg = Debug|Any CPU
		{DBD99EBE-55C4-4F31-ADED-A38DA45ED2C3}.Debug|Any CPU.Build.0 = Debug|Any CPU
		{DBD99EBE-55C4-4F31-ADED-A38DA45ED2C3}.Release|Any CPU.ActiveCfg = Release|Any CPU
		{DBD99EBE-55C4-4F31-ADED-A38DA45ED2C3}.Release|Any CPU.Build.0 = Release|Any CPU
		{3395652C-1D52-40BF-A8C2-91ED1D4DEBAD}.Debug|Any CPU.ActiveCfg = Debug|Any CPU
		{3395652C-1D52-40BF-A8C2-91ED1D4DEBAD}.Debug|Any CPU.Build.0 = Debug|Any CPU
		{3395652C-1D52-40BF-A8C2-91ED1D4DEBAD}.Release|Any CPU.ActiveCfg = Release|Any CPU
		{3395652C-1D52-40BF-A8C2-91ED1D4DEBAD}.Release|Any CPU.Build.0 = Release|Any CPU
		{F10432BD-8788-41A4-A0C5-42CD13358497}.Debug|Any CPU.ActiveCfg = Debug|Any CPU
		{F10432BD-8788-41A4-A0C5-42CD13358497}.Debug|Any CPU.Build.0 = Debug|Any CPU
		{F10432BD-8788-41A4-A0C5-42CD13358497}.Release|Any CPU.ActiveCfg = Release|Any CPU
		{F10432BD-8788-41A4-A0C5-42CD13358497}.Release|Any CPU.Build.0 = Release|Any CPU
		{3AE8F064-1FE0-4953-8CC2-4D2CD3295666}.Debug|Any CPU.ActiveCfg = Debug|Any CPU
		{3AE8F064-1FE0-4953-8CC2-4D2CD3295666}.Debug|Any CPU.Build.0 = Debug|Any CPU
		{3AE8F064-1FE0-4953-8CC2-4D2CD3295666}.Release|Any CPU.ActiveCfg = Release|Any CPU
		{3AE8F064-1FE0-4953-8CC2-4D2CD3295666}.Release|Any CPU.Build.0 = Release|Any CPU
		{06566E25-0F6E-47D9-8DE4-289DBA89A043}.Debug|Any CPU.ActiveCfg = Debug|Any CPU
		{06566E25-0F6E-47D9-8DE4-289DBA89A043}.Debug|Any CPU.Build.0 = Debug|Any CPU
		{06566E25-0F6E-47D9-8DE4-289DBA89A043}.Release|Any CPU.ActiveCfg = Release|Any CPU
		{06566E25-0F6E-47D9-8DE4-289DBA89A043}.Release|Any CPU.Build.0 = Release|Any CPU
		{06912A21-D04C-4A94-9AE6-3FE6F6561CC1}.Debug|Any CPU.ActiveCfg = Debug|Any CPU
		{06912A21-D04C-4A94-9AE6-3FE6F6561CC1}.Debug|Any CPU.Build.0 = Debug|Any CPU
		{06912A21-D04C-4A94-9AE6-3FE6F6561CC1}.Release|Any CPU.ActiveCfg = Release|Any CPU
		{06912A21-D04C-4A94-9AE6-3FE6F6561CC1}.Release|Any CPU.Build.0 = Release|Any CPU
		{1FD0D6BA-EC3C-47F3-BE79-FEEAA693DED0}.Debug|Any CPU.ActiveCfg = Debug|Any CPU
		{1FD0D6BA-EC3C-47F3-BE79-FEEAA693DED0}.Debug|Any CPU.Build.0 = Debug|Any CPU
		{1FD0D6BA-EC3C-47F3-BE79-FEEAA693DED0}.Release|Any CPU.ActiveCfg = Release|Any CPU
		{1FD0D6BA-EC3C-47F3-BE79-FEEAA693DED0}.Release|Any CPU.Build.0 = Release|Any CPU
		{E1C326B3-99A3-4849-B7F3-3D16B7080E9A}.Debug|Any CPU.ActiveCfg = Debug|Any CPU
		{E1C326B3-99A3-4849-B7F3-3D16B7080E9A}.Debug|Any CPU.Build.0 = Debug|Any CPU
		{E1C326B3-99A3-4849-B7F3-3D16B7080E9A}.Release|Any CPU.ActiveCfg = Release|Any CPU
		{E1C326B3-99A3-4849-B7F3-3D16B7080E9A}.Release|Any CPU.Build.0 = Release|Any CPU
		{187FAF31-DDD6-4B4F-BFC3-56B95957940F}.Debug|Any CPU.ActiveCfg = Debug|Any CPU
		{187FAF31-DDD6-4B4F-BFC3-56B95957940F}.Debug|Any CPU.Build.0 = Debug|Any CPU
		{187FAF31-DDD6-4B4F-BFC3-56B95957940F}.Release|Any CPU.ActiveCfg = Release|Any CPU
		{187FAF31-DDD6-4B4F-BFC3-56B95957940F}.Release|Any CPU.Build.0 = Release|Any CPU
		{C6B34FA5-99A9-447F-AF0E-BB7BA623CB3C}.Debug|Any CPU.ActiveCfg = Debug|Any CPU
		{C6B34FA5-99A9-447F-AF0E-BB7BA623CB3C}.Debug|Any CPU.Build.0 = Debug|Any CPU
		{C6B34FA5-99A9-447F-AF0E-BB7BA623CB3C}.Release|Any CPU.ActiveCfg = Release|Any CPU
		{C6B34FA5-99A9-447F-AF0E-BB7BA623CB3C}.Release|Any CPU.Build.0 = Release|Any CPU
		{CA0F9058-9885-47FD-B0A0-102B63AFD568}.Debug|Any CPU.ActiveCfg = Debug|Any CPU
		{CA0F9058-9885-47FD-B0A0-102B63AFD568}.Debug|Any CPU.Build.0 = Debug|Any CPU
		{CA0F9058-9885-47FD-B0A0-102B63AFD568}.Release|Any CPU.ActiveCfg = Release|Any CPU
		{CA0F9058-9885-47FD-B0A0-102B63AFD568}.Release|Any CPU.Build.0 = Release|Any CPU
		{7AA89DFD-A2A2-43B1-9044-ADBE59D5E9D0}.Debug|Any CPU.ActiveCfg = Debug|Any CPU
		{7AA89DFD-A2A2-43B1-9044-ADBE59D5E9D0}.Debug|Any CPU.Build.0 = Debug|Any CPU
		{7AA89DFD-A2A2-43B1-9044-ADBE59D5E9D0}.Release|Any CPU.ActiveCfg = Release|Any CPU
		{7AA89DFD-A2A2-43B1-9044-ADBE59D5E9D0}.Release|Any CPU.Build.0 = Release|Any CPU
		{B2BCEC1D-FAA9-4B11-97A6-E0E99A21FF5D}.Debug|Any CPU.ActiveCfg = Debug|Any CPU
		{B2BCEC1D-FAA9-4B11-97A6-E0E99A21FF5D}.Debug|Any CPU.Build.0 = Debug|Any CPU
		{B2BCEC1D-FAA9-4B11-97A6-E0E99A21FF5D}.Release|Any CPU.ActiveCfg = Release|Any CPU
		{B2BCEC1D-FAA9-4B11-97A6-E0E99A21FF5D}.Release|Any CPU.Build.0 = Release|Any CPU
		{2CD79A26-D26B-46F9-96C4-59AEE44B6073}.Debug|Any CPU.ActiveCfg = Debug|Any CPU
		{2CD79A26-D26B-46F9-96C4-59AEE44B6073}.Debug|Any CPU.Build.0 = Debug|Any CPU
		{2CD79A26-D26B-46F9-96C4-59AEE44B6073}.Release|Any CPU.ActiveCfg = Release|Any CPU
		{2CD79A26-D26B-46F9-96C4-59AEE44B6073}.Release|Any CPU.Build.0 = Release|Any CPU
		{AD5EC104-4DC1-43D0-9A2A-96ED606A0E4F}.Debug|Any CPU.ActiveCfg = Debug|Any CPU
		{AD5EC104-4DC1-43D0-9A2A-96ED606A0E4F}.Debug|Any CPU.Build.0 = Debug|Any CPU
		{AD5EC104-4DC1-43D0-9A2A-96ED606A0E4F}.Release|Any CPU.ActiveCfg = Release|Any CPU
		{AD5EC104-4DC1-43D0-9A2A-96ED606A0E4F}.Release|Any CPU.Build.0 = Release|Any CPU
		{3C062B4A-3D06-4AA2-A13F-50B7324815C7}.Debug|Any CPU.ActiveCfg = Debug|Any CPU
		{3C062B4A-3D06-4AA2-A13F-50B7324815C7}.Debug|Any CPU.Build.0 = Debug|Any CPU
		{3C062B4A-3D06-4AA2-A13F-50B7324815C7}.Release|Any CPU.ActiveCfg = Release|Any CPU
		{3C062B4A-3D06-4AA2-A13F-50B7324815C7}.Release|Any CPU.Build.0 = Release|Any CPU
		{C64EEB9C-F6AC-4EC2-A62F-35E5EB77C23F}.Debug|Any CPU.ActiveCfg = Debug|Any CPU
		{C64EEB9C-F6AC-4EC2-A62F-35E5EB77C23F}.Debug|Any CPU.Build.0 = Debug|Any CPU
		{C64EEB9C-F6AC-4EC2-A62F-35E5EB77C23F}.Release|Any CPU.ActiveCfg = Release|Any CPU
		{C64EEB9C-F6AC-4EC2-A62F-35E5EB77C23F}.Release|Any CPU.Build.0 = Release|Any CPU
		{C15C80DD-78B5-4BBD-BC37-1A909A7A14E5}.Debug|Any CPU.ActiveCfg = Debug|Any CPU
		{C15C80DD-78B5-4BBD-BC37-1A909A7A14E5}.Debug|Any CPU.Build.0 = Debug|Any CPU
		{C15C80DD-78B5-4BBD-BC37-1A909A7A14E5}.Release|Any CPU.ActiveCfg = Release|Any CPU
		{C15C80DD-78B5-4BBD-BC37-1A909A7A14E5}.Release|Any CPU.Build.0 = Release|Any CPU
		{B5582E31-65EB-4D63-B808-38C88DC05033}.Debug|Any CPU.ActiveCfg = Debug|Any CPU
		{B5582E31-65EB-4D63-B808-38C88DC05033}.Debug|Any CPU.Build.0 = Debug|Any CPU
		{B5582E31-65EB-4D63-B808-38C88DC05033}.Release|Any CPU.ActiveCfg = Release|Any CPU
		{B5582E31-65EB-4D63-B808-38C88DC05033}.Release|Any CPU.Build.0 = Release|Any CPU
		{31090FF6-D2E3-4D56-8AC5-91F38CA12E14}.Debug|Any CPU.ActiveCfg = Debug|Any CPU
		{31090FF6-D2E3-4D56-8AC5-91F38CA12E14}.Debug|Any CPU.Build.0 = Debug|Any CPU
		{31090FF6-D2E3-4D56-8AC5-91F38CA12E14}.Release|Any CPU.ActiveCfg = Release|Any CPU
		{31090FF6-D2E3-4D56-8AC5-91F38CA12E14}.Release|Any CPU.Build.0 = Release|Any CPU
		{93EA26B5-CA72-41DA-BD64-70B094F2E4F6}.Debug|Any CPU.ActiveCfg = Debug|Any CPU
		{93EA26B5-CA72-41DA-BD64-70B094F2E4F6}.Debug|Any CPU.Build.0 = Debug|Any CPU
		{93EA26B5-CA72-41DA-BD64-70B094F2E4F6}.Release|Any CPU.ActiveCfg = Release|Any CPU
		{93EA26B5-CA72-41DA-BD64-70B094F2E4F6}.Release|Any CPU.Build.0 = Release|Any CPU
		{150F79C9-7681-47A7-80F8-7483EDEDB09E}.Debug|Any CPU.ActiveCfg = Debug|Any CPU
		{150F79C9-7681-47A7-80F8-7483EDEDB09E}.Debug|Any CPU.Build.0 = Debug|Any CPU
		{150F79C9-7681-47A7-80F8-7483EDEDB09E}.Release|Any CPU.ActiveCfg = Release|Any CPU
		{150F79C9-7681-47A7-80F8-7483EDEDB09E}.Release|Any CPU.Build.0 = Release|Any CPU
		{D25D5F16-3F42-4CF0-B35D-E59AD6FEFBDA}.Debug|Any CPU.ActiveCfg = Debug|Any CPU
		{D25D5F16-3F42-4CF0-B35D-E59AD6FEFBDA}.Debug|Any CPU.Build.0 = Debug|Any CPU
		{D25D5F16-3F42-4CF0-B35D-E59AD6FEFBDA}.Release|Any CPU.ActiveCfg = Release|Any CPU
		{D25D5F16-3F42-4CF0-B35D-E59AD6FEFBDA}.Release|Any CPU.Build.0 = Release|Any CPU
		{51A16CFA-1D50-4C57-ACAA-854F2EB62A66}.Debug|Any CPU.ActiveCfg = Debug|Any CPU
		{51A16CFA-1D50-4C57-ACAA-854F2EB62A66}.Debug|Any CPU.Build.0 = Debug|Any CPU
		{51A16CFA-1D50-4C57-ACAA-854F2EB62A66}.Release|Any CPU.ActiveCfg = Release|Any CPU
		{51A16CFA-1D50-4C57-ACAA-854F2EB62A66}.Release|Any CPU.Build.0 = Release|Any CPU
		{6BE717CB-7A9B-4532-81B8-D5BD5E04E571}.Debug|Any CPU.ActiveCfg = Debug|Any CPU
		{6BE717CB-7A9B-4532-81B8-D5BD5E04E571}.Debug|Any CPU.Build.0 = Debug|Any CPU
		{6BE717CB-7A9B-4532-81B8-D5BD5E04E571}.Release|Any CPU.ActiveCfg = Release|Any CPU
		{6BE717CB-7A9B-4532-81B8-D5BD5E04E571}.Release|Any CPU.Build.0 = Release|Any CPU
		{3C33CA6C-69B9-4860-831A-9773BC9682E4}.Debug|Any CPU.ActiveCfg = Debug|Any CPU
		{3C33CA6C-69B9-4860-831A-9773BC9682E4}.Debug|Any CPU.Build.0 = Debug|Any CPU
		{3C33CA6C-69B9-4860-831A-9773BC9682E4}.Release|Any CPU.ActiveCfg = Release|Any CPU
		{3C33CA6C-69B9-4860-831A-9773BC9682E4}.Release|Any CPU.Build.0 = Release|Any CPU
		{9589C2C6-7CF9-4610-8D85-182D04B88DA2}.Debug|Any CPU.ActiveCfg = Debug|Any CPU
		{9589C2C6-7CF9-4610-8D85-182D04B88DA2}.Debug|Any CPU.Build.0 = Debug|Any CPU
		{9589C2C6-7CF9-4610-8D85-182D04B88DA2}.Release|Any CPU.ActiveCfg = Release|Any CPU
		{9589C2C6-7CF9-4610-8D85-182D04B88DA2}.Release|Any CPU.Build.0 = Release|Any CPU
		{88ECC453-36E4-482A-8F75-BCF683FDADEE}.Debug|Any CPU.ActiveCfg = Debug|Any CPU
		{88ECC453-36E4-482A-8F75-BCF683FDADEE}.Debug|Any CPU.Build.0 = Debug|Any CPU
		{88ECC453-36E4-482A-8F75-BCF683FDADEE}.Release|Any CPU.ActiveCfg = Release|Any CPU
		{88ECC453-36E4-482A-8F75-BCF683FDADEE}.Release|Any CPU.Build.0 = Release|Any CPU
		{0C188842-DB70-4E2C-8322-C144ABC0C1A7}.Debug|Any CPU.ActiveCfg = Debug|Any CPU
		{0C188842-DB70-4E2C-8322-C144ABC0C1A7}.Debug|Any CPU.Build.0 = Debug|Any CPU
		{0C188842-DB70-4E2C-8322-C144ABC0C1A7}.Release|Any CPU.ActiveCfg = Release|Any CPU
		{0C188842-DB70-4E2C-8322-C144ABC0C1A7}.Release|Any CPU.Build.0 = Release|Any CPU
	EndGlobalSection
	GlobalSection(SolutionProperties) = preSolution
		HideSolutionNode = FALSE
	EndGlobalSection
	GlobalSection(ExtensibilityGlobals) = postSolution
		SolutionGuid = {A06917D0-840C-4348-8997-B95FE55FE0E0}
	EndGlobalSection
EndGlobal
