
Microsoft Visual Studio Solution File, Format Version 12.00
# Visual Studio Version 17
VisualStudioVersion = 17.5.33530.505
MinimumVisualStudioVersion = 10.0.40219.1
Project("{9A19103F-16F7-4668-BE54-9A1E7A4F7556}") = "01-Gırıs", "01_Gırıs\01-Gırıs.csproj", "{1D12F54C-258E-477C-B346-223ABC9F9C25}"
EndProject
Project("{9A19103F-16F7-4668-BE54-9A1E7A4F7556}") = "02_Degiskenler", "02_Degiskenler\02_Degiskenler.csproj", "{1D5802ED-EA09-4321-9F49-4CC7E804D9E1}"
EndProject
Project("{9A19103F-16F7-4668-BE54-9A1E7A4F7556}") = "03_VeriSabitler", "03_VeriSabitler\03_VeriSabitler.csproj", "{15D37E91-9BD1-4235-8F41-CD03A77BC346}"
EndProject
Project("{9A19103F-16F7-4668-BE54-9A1E7A4F7556}") = "04_Operatörler", "04_Operatörler\04_Operatörler.csproj", "{B3A62E59-6D5E-4F2E-82B8-491C8B1C17C3}"
EndProject
Project("{9A19103F-16F7-4668-BE54-9A1E7A4F7556}") = "05_Kosulİfadeleri", "05_Kosulİfadeleri\05_Kosulİfadeleri.csproj", "{5C1FBE38-3A7B-49FE-9627-E1C6F9D33E59}"
EndProject
Project("{9A19103F-16F7-4668-BE54-9A1E7A4F7556}") = "06_Loops", "06_Loops\06_Loops.csproj", "{83E0D6DC-FE94-4A06-AD55-F5AD28F95801}"
EndProject
Project("{9A19103F-16F7-4668-BE54-9A1E7A4F7556}") = "05_2_SwirchCase", "05_2_SwirchCase\05_2_SwirchCase.csproj", "{7AA81EE6-BD0F-45A9-A74C-6FE98D61D366}"
EndProject
Project("{9A19103F-16F7-4668-BE54-9A1E7A4F7556}") = "07_Arrays", "07_Arrays\07_Arrays.csproj", "{4CA11C24-5D0B-4E2D-8835-F491BBB8A566}"
EndProject
Project("{9A19103F-16F7-4668-BE54-9A1E7A4F7556}") = "08_ListandArrayList", "08_ListandArrayList\08_ListandArrayList.csproj", "{50583E6F-414A-4239-B4FE-1CE338C87C7F}"
EndProject
Project("{9A19103F-16F7-4668-BE54-9A1E7A4F7556}") = "08_2_List", "08_2_List\08_2_List.csproj", "{10448492-F63F-4F6B-B387-9232F839F478}"
EndProject
Project("{9A19103F-16F7-4668-BE54-9A1E7A4F7556}") = "09_Methods", "09_Methods\09_Methods.csproj", "{7405D686-52F1-44E8-A781-587C02F091C7}"
EndProject
Project("{FAE04EC0-301F-11D3-BF4B-00C04F79EFBC}") = "10_Değer_Referans", "10_Değer_Referans\10_Değer_Referans.csproj", "{70D05BE6-744C-4BEB-AD87-B9DCDD4A3D36}"
EndProject
Global
	GlobalSection(SolutionConfigurationPlatforms) = preSolution
		Debug|Any CPU = Debug|Any CPU
		Release|Any CPU = Release|Any CPU
	EndGlobalSection
	GlobalSection(ProjectConfigurationPlatforms) = postSolution
		{1D12F54C-258E-477C-B346-223ABC9F9C25}.Debug|Any CPU.ActiveCfg = Debug|Any CPU
		{1D12F54C-258E-477C-B346-223ABC9F9C25}.Debug|Any CPU.Build.0 = Debug|Any CPU
		{1D12F54C-258E-477C-B346-223ABC9F9C25}.Release|Any CPU.ActiveCfg = Release|Any CPU
		{1D12F54C-258E-477C-B346-223ABC9F9C25}.Release|Any CPU.Build.0 = Release|Any CPU
		{1D5802ED-EA09-4321-9F49-4CC7E804D9E1}.Debug|Any CPU.ActiveCfg = Debug|Any CPU
		{1D5802ED-EA09-4321-9F49-4CC7E804D9E1}.Debug|Any CPU.Build.0 = Debug|Any CPU
		{1D5802ED-EA09-4321-9F49-4CC7E804D9E1}.Release|Any CPU.ActiveCfg = Release|Any CPU
		{1D5802ED-EA09-4321-9F49-4CC7E804D9E1}.Release|Any CPU.Build.0 = Release|Any CPU
		{15D37E91-9BD1-4235-8F41-CD03A77BC346}.Debug|Any CPU.ActiveCfg = Debug|Any CPU
		{15D37E91-9BD1-4235-8F41-CD03A77BC346}.Debug|Any CPU.Build.0 = Debug|Any CPU
		{15D37E91-9BD1-4235-8F41-CD03A77BC346}.Release|Any CPU.ActiveCfg = Release|Any CPU
		{15D37E91-9BD1-4235-8F41-CD03A77BC346}.Release|Any CPU.Build.0 = Release|Any CPU
		{B3A62E59-6D5E-4F2E-82B8-491C8B1C17C3}.Debug|Any CPU.ActiveCfg = Debug|Any CPU
		{B3A62E59-6D5E-4F2E-82B8-491C8B1C17C3}.Debug|Any CPU.Build.0 = Debug|Any CPU
		{B3A62E59-6D5E-4F2E-82B8-491C8B1C17C3}.Release|Any CPU.ActiveCfg = Release|Any CPU
		{B3A62E59-6D5E-4F2E-82B8-491C8B1C17C3}.Release|Any CPU.Build.0 = Release|Any CPU
		{5C1FBE38-3A7B-49FE-9627-E1C6F9D33E59}.Debug|Any CPU.ActiveCfg = Debug|Any CPU
		{5C1FBE38-3A7B-49FE-9627-E1C6F9D33E59}.Debug|Any CPU.Build.0 = Debug|Any CPU
		{5C1FBE38-3A7B-49FE-9627-E1C6F9D33E59}.Release|Any CPU.ActiveCfg = Release|Any CPU
		{5C1FBE38-3A7B-49FE-9627-E1C6F9D33E59}.Release|Any CPU.Build.0 = Release|Any CPU
		{83E0D6DC-FE94-4A06-AD55-F5AD28F95801}.Debug|Any CPU.ActiveCfg = Debug|Any CPU
		{83E0D6DC-FE94-4A06-AD55-F5AD28F95801}.Debug|Any CPU.Build.0 = Debug|Any CPU
		{83E0D6DC-FE94-4A06-AD55-F5AD28F95801}.Release|Any CPU.ActiveCfg = Release|Any CPU
		{83E0D6DC-FE94-4A06-AD55-F5AD28F95801}.Release|Any CPU.Build.0 = Release|Any CPU
		{7AA81EE6-BD0F-45A9-A74C-6FE98D61D366}.Debug|Any CPU.ActiveCfg = Debug|Any CPU
		{7AA81EE6-BD0F-45A9-A74C-6FE98D61D366}.Debug|Any CPU.Build.0 = Debug|Any CPU
		{7AA81EE6-BD0F-45A9-A74C-6FE98D61D366}.Release|Any CPU.ActiveCfg = Release|Any CPU
		{7AA81EE6-BD0F-45A9-A74C-6FE98D61D366}.Release|Any CPU.Build.0 = Release|Any CPU
		{4CA11C24-5D0B-4E2D-8835-F491BBB8A566}.Debug|Any CPU.ActiveCfg = Debug|Any CPU
		{4CA11C24-5D0B-4E2D-8835-F491BBB8A566}.Debug|Any CPU.Build.0 = Debug|Any CPU
		{4CA11C24-5D0B-4E2D-8835-F491BBB8A566}.Release|Any CPU.ActiveCfg = Release|Any CPU
		{4CA11C24-5D0B-4E2D-8835-F491BBB8A566}.Release|Any CPU.Build.0 = Release|Any CPU
		{50583E6F-414A-4239-B4FE-1CE338C87C7F}.Debug|Any CPU.ActiveCfg = Debug|Any CPU
		{50583E6F-414A-4239-B4FE-1CE338C87C7F}.Debug|Any CPU.Build.0 = Debug|Any CPU
		{50583E6F-414A-4239-B4FE-1CE338C87C7F}.Release|Any CPU.ActiveCfg = Release|Any CPU
		{50583E6F-414A-4239-B4FE-1CE338C87C7F}.Release|Any CPU.Build.0 = Release|Any CPU
		{10448492-F63F-4F6B-B387-9232F839F478}.Debug|Any CPU.ActiveCfg = Debug|Any CPU
		{10448492-F63F-4F6B-B387-9232F839F478}.Debug|Any CPU.Build.0 = Debug|Any CPU
		{10448492-F63F-4F6B-B387-9232F839F478}.Release|Any CPU.ActiveCfg = Release|Any CPU
		{10448492-F63F-4F6B-B387-9232F839F478}.Release|Any CPU.Build.0 = Release|Any CPU
		{7405D686-52F1-44E8-A781-587C02F091C7}.Debug|Any CPU.ActiveCfg = Debug|Any CPU
		{7405D686-52F1-44E8-A781-587C02F091C7}.Debug|Any CPU.Build.0 = Debug|Any CPU
		{7405D686-52F1-44E8-A781-587C02F091C7}.Release|Any CPU.ActiveCfg = Release|Any CPU
		{7405D686-52F1-44E8-A781-587C02F091C7}.Release|Any CPU.Build.0 = Release|Any CPU
		{70D05BE6-744C-4BEB-AD87-B9DCDD4A3D36}.Debug|Any CPU.ActiveCfg = Debug|Any CPU
		{70D05BE6-744C-4BEB-AD87-B9DCDD4A3D36}.Debug|Any CPU.Build.0 = Debug|Any CPU
		{70D05BE6-744C-4BEB-AD87-B9DCDD4A3D36}.Release|Any CPU.ActiveCfg = Release|Any CPU
		{70D05BE6-744C-4BEB-AD87-B9DCDD4A3D36}.Release|Any CPU.Build.0 = Release|Any CPU
	EndGlobalSection
	GlobalSection(SolutionProperties) = preSolution
		HideSolutionNode = FALSE
	EndGlobalSection
	GlobalSection(ExtensibilityGlobals) = postSolution
		SolutionGuid = {9F8FD299-B51C-4CC0-AD12-DEB7F3E39189}
	EndGlobalSection
EndGlobal
